// !$*UTF8*$!
{
	archiveVersion = 1;
	classes = {
	};
	objectVersion = 46;
	objects = {

/* Begin PBXBuildFile section */
		1A3464E51D4450C8004929DF /* main.m in Sources */ = {isa = PBXBuildFile; fileRef = 1A3464E41D4450C8004929DF /* main.m */; };
		1A3464E81D4450C8004929DF /* AppDelegate.m in Sources */ = {isa = PBXBuildFile; fileRef = 1A3464E71D4450C8004929DF /* AppDelegate.m */; };
		1A3464EB1D4450C8004929DF /* ViewController.m in Sources */ = {isa = PBXBuildFile; fileRef = 1A3464EA1D4450C8004929DF /* ViewController.m */; };
		1A3464EE1D4450C8004929DF /* Main.storyboard in Resources */ = {isa = PBXBuildFile; fileRef = 1A3464EC1D4450C8004929DF /* Main.storyboard */; };
		1A3464F01D4450C8004929DF /* Assets.xcassets in Resources */ = {isa = PBXBuildFile; fileRef = 1A3464EF1D4450C8004929DF /* Assets.xcassets */; };
		1A3464F31D4450C8004929DF /* LaunchScreen.storyboard in Resources */ = {isa = PBXBuildFile; fileRef = 1A3464F11D4450C8004929DF /* LaunchScreen.storyboard */; };
		1A3464FE1D4450C8004929DF /* pokemonTests.m in Sources */ = {isa = PBXBuildFile; fileRef = 1A3464FD1D4450C8004929DF /* pokemonTests.m */; };
		1A3465091D4450C8004929DF /* pokemonUITests.m in Sources */ = {isa = PBXBuildFile; fileRef = 1A3465081D4450C8004929DF /* pokemonUITests.m */; };
		31B1FDAF1D5F87A6000C185A /* pokemonData.gpx in Resources */ = {isa = PBXBuildFile; fileRef = 31B1FDAE1D5F87A6000C185A /* pokemonData.gpx */; };
/* End PBXBuildFile section */

/* Begin PBXContainerItemProxy section */
		1A3464FA1D4450C8004929DF /* PBXContainerItemProxy */ = {
			isa = PBXContainerItemProxy;
			containerPortal = 1A3464D81D4450C8004929DF /* Project object */;
			proxyType = 1;
			remoteGlobalIDString = 1A3464DF1D4450C8004929DF;
			remoteInfo = pokemon;
		};
		1A3465051D4450C8004929DF /* PBXContainerItemProxy */ = {
			isa = PBXContainerItemProxy;
			containerPortal = 1A3464D81D4450C8004929DF /* Project object */;
			proxyType = 1;
			remoteGlobalIDString = 1A3464DF1D4450C8004929DF;
			remoteInfo = pokemon;
		};
/* End PBXContainerItemProxy section */

/* Begin PBXFileReference section */
		1A3464E01D4450C8004929DF /* pokemon.app */ = {isa = PBXFileReference; explicitFileType = wrapper.application; includeInIndex = 0; path = pokemon.app; sourceTree = BUILT_PRODUCTS_DIR; };
		1A3464E41D4450C8004929DF /* main.m */ = {isa = PBXFileReference; lastKnownFileType = sourcecode.c.objc; path = main.m; sourceTree = "<group>"; };
		1A3464E61D4450C8004929DF /* AppDelegate.h */ = {isa = PBXFileReference; lastKnownFileType = sourcecode.c.h; path = AppDelegate.h; sourceTree = "<group>"; };
		1A3464E71D4450C8004929DF /* AppDelegate.m */ = {isa = PBXFileReference; lastKnownFileType = sourcecode.c.objc; path = AppDelegate.m; sourceTree = "<group>"; };
		1A3464E91D4450C8004929DF /* ViewController.h */ = {isa = PBXFileReference; lastKnownFileType = sourcecode.c.h; path = ViewController.h; sourceTree = "<group>"; };
		1A3464EA1D4450C8004929DF /* ViewController.m */ = {isa = PBXFileReference; lastKnownFileType = sourcecode.c.objc; path = ViewController.m; sourceTree = "<group>"; };
		1A3464ED1D4450C8004929DF /* Base */ = {isa = PBXFileReference; lastKnownFileType = file.storyboard; name = Base; path = Base.lproj/Main.storyboard; sourceTree = "<group>"; };
		1A3464EF1D4450C8004929DF /* Assets.xcassets */ = {isa = PBXFileReference; lastKnownFileType = folder.assetcatalog; path = Assets.xcassets; sourceTree = "<group>"; };
		1A3464F21D4450C8004929DF /* Base */ = {isa = PBXFileReference; lastKnownFileType = file.storyboard; name = Base; path = Base.lproj/LaunchScreen.storyboard; sourceTree = "<group>"; };
		1A3464F41D4450C8004929DF /* Info.plist */ = {isa = PBXFileReference; lastKnownFileType = text.plist.xml; path = Info.plist; sourceTree = "<group>"; };
		1A3464F91D4450C8004929DF /* pokemonTests.xctest */ = {isa = PBXFileReference; explicitFileType = wrapper.cfbundle; includeInIndex = 0; path = pokemonTests.xctest; sourceTree = BUILT_PRODUCTS_DIR; };
		1A3464FD1D4450C8004929DF /* pokemonTests.m */ = {isa = PBXFileReference; lastKnownFileType = sourcecode.c.objc; path = pokemonTests.m; sourceTree = "<group>"; };
		1A3464FF1D4450C8004929DF /* Info.plist */ = {isa = PBXFileReference; lastKnownFileType = text.plist.xml; path = Info.plist; sourceTree = "<group>"; };
		1A3465041D4450C8004929DF /* pokemonUITests.xctest */ = {isa = PBXFileReference; explicitFileType = wrapper.cfbundle; includeInIndex = 0; path = pokemonUITests.xctest; sourceTree = BUILT_PRODUCTS_DIR; };
		1A3465081D4450C8004929DF /* pokemonUITests.m */ = {isa = PBXFileReference; lastKnownFileType = sourcecode.c.objc; path = pokemonUITests.m; sourceTree = "<group>"; };
		1A34650A1D4450C8004929DF /* Info.plist */ = {isa = PBXFileReference; lastKnownFileType = text.plist.xml; path = Info.plist; sourceTree = "<group>"; };
		31B1FDAE1D5F87A6000C185A /* pokemonData.gpx */ = {isa = PBXFileReference; fileEncoding = 4; lastKnownFileType = text.xml; name = pokemonData.gpx; path = ../navigator/data/pokemonData.gpx; sourceTree = "<group>"; };
/* End PBXFileReference section */

/* Begin PBXFrameworksBuildPhase section */
		1A3464DD1D4450C8004929DF /* Frameworks */ = {
			isa = PBXFrameworksBuildPhase;
			buildActionMask = 2147483647;
			files = (
			);
			runOnlyForDeploymentPostprocessing = 0;
		};
		1A3464F61D4450C8004929DF /* Frameworks */ = {
			isa = PBXFrameworksBuildPhase;
			buildActionMask = 2147483647;
			files = (
			);
			runOnlyForDeploymentPostprocessing = 0;
		};
		1A3465011D4450C8004929DF /* Frameworks */ = {
			isa = PBXFrameworksBuildPhase;
			buildActionMask = 2147483647;
			files = (
			);
			runOnlyForDeploymentPostprocessing = 0;
		};
/* End PBXFrameworksBuildPhase section */

/* Begin PBXGroup section */
		1A3464D71D4450C8004929DF = {
			isa = PBXGroup;
			children = (
				31B1FDAE1D5F87A6000C185A /* pokemonData.gpx */,
				1A3464E21D4450C8004929DF /* pokemon */,
				1A3464FC1D4450C8004929DF /* pokemonTests */,
				1A3465071D4450C8004929DF /* pokemonUITests */,
				1A3464E11D4450C8004929DF /* Products */,
			);
			sourceTree = "<group>";
		};
		1A3464E11D4450C8004929DF /* Products */ = {
			isa = PBXGroup;
			children = (
				1A3464E01D4450C8004929DF /* pokemon.app */,
				1A3464F91D4450C8004929DF /* pokemonTests.xctest */,
				1A3465041D4450C8004929DF /* pokemonUITests.xctest */,
			);
			name = Products;
			sourceTree = "<group>";
		};
		1A3464E21D4450C8004929DF /* pokemon */ = {
			isa = PBXGroup;
			children = (
				1A3464E61D4450C8004929DF /* AppDelegate.h */,
				1A3464E71D4450C8004929DF /* AppDelegate.m */,
				1A3464E91D4450C8004929DF /* ViewController.h */,
				1A3464EA1D4450C8004929DF /* ViewController.m */,
				1A3464EC1D4450C8004929DF /* Main.storyboard */,
				1A3464EF1D4450C8004929DF /* Assets.xcassets */,
				1A3464F11D4450C8004929DF /* LaunchScreen.storyboard */,
				1A3464F41D4450C8004929DF /* Info.plist */,
				1A3464E31D4450C8004929DF /* Supporting Files */,
			);
			path = pokemon;
			sourceTree = "<group>";
		};
		1A3464E31D4450C8004929DF /* Supporting Files */ = {
			isa = PBXGroup;
			children = (
				1A3464E41D4450C8004929DF /* main.m */,
			);
			name = "Supporting Files";
			sourceTree = "<group>";
		};
		1A3464FC1D4450C8004929DF /* pokemonTests */ = {
			isa = PBXGroup;
			children = (
				1A3464FD1D4450C8004929DF /* pokemonTests.m */,
				1A3464FF1D4450C8004929DF /* Info.plist */,
			);
			path = pokemonTests;
			sourceTree = "<group>";
		};
		1A3465071D4450C8004929DF /* pokemonUITests */ = {
			isa = PBXGroup;
			children = (
				1A3465081D4450C8004929DF /* pokemonUITests.m */,
				1A34650A1D4450C8004929DF /* Info.plist */,
			);
			path = pokemonUITests;
			sourceTree = "<group>";
		};
/* End PBXGroup section */

/* Begin PBXNativeTarget section */
		1A3464DF1D4450C8004929DF /* pokemon */ = {
			isa = PBXNativeTarget;
			buildConfigurationList = 1A34650D1D4450C8004929DF /* Build configuration list for PBXNativeTarget "pokemon" */;
			buildPhases = (
				1A3464DC1D4450C8004929DF /* Sources */,
				1A3464DD1D4450C8004929DF /* Frameworks */,
				1A3464DE1D4450C8004929DF /* Resources */,
			);
			buildRules = (
			);
			dependencies = (
			);
			name = pokemon;
			productName = pokemon;
			productReference = 1A3464E01D4450C8004929DF /* pokemon.app */;
			productType = "com.apple.product-type.application";
		};
		1A3464F81D4450C8004929DF /* pokemonTests */ = {
			isa = PBXNativeTarget;
			buildConfigurationList = 1A3465101D4450C8004929DF /* Build configuration list for PBXNativeTarget "pokemonTests" */;
			buildPhases = (
				1A3464F51D4450C8004929DF /* Sources */,
				1A3464F61D4450C8004929DF /* Frameworks */,
				1A3464F71D4450C8004929DF /* Resources */,
			);
			buildRules = (
			);
			dependencies = (
				1A3464FB1D4450C8004929DF /* PBXTargetDependency */,
			);
			name = pokemonTests;
			productName = pokemonTests;
			productReference = 1A3464F91D4450C8004929DF /* pokemonTests.xctest */;
			productType = "com.apple.product-type.bundle.unit-test";
		};
		1A3465031D4450C8004929DF /* pokemonUITests */ = {
			isa = PBXNativeTarget;
			buildConfigurationList = 1A3465131D4450C8004929DF /* Build configuration list for PBXNativeTarget "pokemonUITests" */;
			buildPhases = (
				1A3465001D4450C8004929DF /* Sources */,
				1A3465011D4450C8004929DF /* Frameworks */,
				1A3465021D4450C8004929DF /* Resources */,
			);
			buildRules = (
			);
			dependencies = (
				1A3465061D4450C8004929DF /* PBXTargetDependency */,
			);
			name = pokemonUITests;
			productName = pokemonUITests;
			productReference = 1A3465041D4450C8004929DF /* pokemonUITests.xctest */;
			productType = "com.apple.product-type.bundle.ui-testing";
		};
/* End PBXNativeTarget section */

/* Begin PBXProject section */
		1A3464D81D4450C8004929DF /* Project object */ = {
			isa = PBXProject;
			attributes = {
				LastUpgradeCheck = 0730;
				ORGANIZATIONNAME = "Weizheng Zhou";
				TargetAttributes = {
					1A3464DF1D4450C8004929DF = {
						CreatedOnToolsVersion = 7.3.1;
						DevelopmentTeam = EHF5GJJ734;
					};
					1A3464F81D4450C8004929DF = {
						CreatedOnToolsVersion = 7.3.1;
						TestTargetID = 1A3464DF1D4450C8004929DF;
					};
					1A3465031D4450C8004929DF = {
						CreatedOnToolsVersion = 7.3.1;
						TestTargetID = 1A3464DF1D4450C8004929DF;
					};
				};
			};
			buildConfigurationList = 1A3464DB1D4450C8004929DF /* Build configuration list for PBXProject "pokemon" */;
			compatibilityVersion = "Xcode 3.2";
			developmentRegion = English;
			hasScannedForEncodings = 0;
			knownRegions = (
				en,
				Base,
			);
			mainGroup = 1A3464D71D4450C8004929DF;
			productRefGroup = 1A3464E11D4450C8004929DF /* Products */;
			projectDirPath = "";
			projectRoot = "";
			targets = (
				1A3464DF1D4450C8004929DF /* pokemon */,
				1A3464F81D4450C8004929DF /* pokemonTests */,
				1A3465031D4450C8004929DF /* pokemonUITests */,
			);
		};
/* End PBXProject section */

/* Begin PBXResourcesBuildPhase section */
		1A3464DE1D4450C8004929DF /* Resources */ = {
			isa = PBXResourcesBuildPhase;
			buildActionMask = 2147483647;
			files = (
				1A3464F31D4450C8004929DF /* LaunchScreen.storyboard in Resources */,
				1A3464F01D4450C8004929DF /* Assets.xcassets in Resources */,
				1A3464EE1D4450C8004929DF /* Main.storyboard in Resources */,
				31B1FDAF1D5F87A6000C185A /* pokemonData.gpx in Resources */,
			);
			runOnlyForDeploymentPostprocessing = 0;
		};
		1A3464F71D4450C8004929DF /* Resources */ = {
			isa = PBXResourcesBuildPhase;
			buildActionMask = 2147483647;
			files = (
			);
			runOnlyForDeploymentPostprocessing = 0;
		};
		1A3465021D4450C8004929DF /* Resources */ = {
			isa = PBXResourcesBuildPhase;
			buildActionMask = 2147483647;
			files = (
			);
			runOnlyForDeploymentPostprocessing = 0;
		};
/* End PBXResourcesBuildPhase section */

/* Begin PBXSourcesBuildPhase section */
		1A3464DC1D4450C8004929DF /* Sources */ = {
			isa = PBXSourcesBuildPhase;
			buildActionMask = 2147483647;
			files = (
				1A3464EB1D4450C8004929DF /* ViewController.m in Sources */,
				1A3464E81D4450C8004929DF /* AppDelegate.m in Sources */,
				1A3464E51D4450C8004929DF /* main.m in Sources */,
			);
			runOnlyForDeploymentPostprocessing = 0;
		};
		1A3464F51D4450C8004929DF /* Sources */ = {
			isa = PBXSourcesBuildPhase;
			buildActionMask = 2147483647;
			files = (
				1A3464FE1D4450C8004929DF /* pokemonTests.m in Sources */,
			);
			runOnlyForDeploymentPostprocessing = 0;
		};
		1A3465001D4450C8004929DF /* Sources */ = {
			isa = PBXSourcesBuildPhase;
			buildActionMask = 2147483647;
			files = (
				1A3465091D4450C8004929DF /* pokemonUITests.m in Sources */,
			);
			runOnlyForDeploymentPostprocessing = 0;
		};
/* End PBXSourcesBuildPhase section */

/* Begin PBXTargetDependency section */
		1A3464FB1D4450C8004929DF /* PBXTargetDependency */ = {
			isa = PBXTargetDependency;
			target = 1A3464DF1D4450C8004929DF /* pokemon */;
			targetProxy = 1A3464FA1D4450C8004929DF /* PBXContainerItemProxy */;
		};
		1A3465061D4450C8004929DF /* PBXTargetDependency */ = {
			isa = PBXTargetDependency;
			target = 1A3464DF1D4450C8004929DF /* pokemon */;
			targetProxy = 1A3465051D4450C8004929DF /* PBXContainerItemProxy */;
		};
/* End PBXTargetDependency section */

/* Begin PBXVariantGroup section */
		1A3464EC1D4450C8004929DF /* Main.storyboard */ = {
			isa = PBXVariantGroup;
			children = (
				1A3464ED1D4450C8004929DF /* Base */,
			);
			name = Main.storyboard;
			sourceTree = "<group>";
		};
		1A3464F11D4450C8004929DF /* LaunchScreen.storyboard */ = {
			isa = PBXVariantGroup;
			children = (
				1A3464F21D4450C8004929DF /* Base */,
			);
			name = LaunchScreen.storyboard;
			sourceTree = "<group>";
		};
/* End PBXVariantGroup section */

/* Begin XCBuildConfiguration section */
		1A34650B1D4450C8004929DF /* Debug */ = {
			isa = XCBuildConfiguration;
			buildSettings = {
				ALWAYS_SEARCH_USER_PATHS = NO;
				CLANG_ANALYZER_NONNULL = YES;
				CLANG_CXX_LANGUAGE_STANDARD = "gnu++0x";
				CLANG_CXX_LIBRARY = "libc++";
				CLANG_ENABLE_MODULES = YES;
				CLANG_ENABLE_OBJC_ARC = YES;
				CLANG_WARN_BOOL_CONVERSION = YES;
				CLANG_WARN_CONSTANT_CONVERSION = YES;
				CLANG_WARN_DIRECT_OBJC_ISA_USAGE = YES_ERROR;
				CLANG_WARN_EMPTY_BODY = YES;
				CLANG_WARN_ENUM_CONVERSION = YES;
				CLANG_WARN_INT_CONVERSION = YES;
				CLANG_WARN_OBJC_ROOT_CLASS = YES_ERROR;
				CLANG_WARN_UNREACHABLE_CODE = YES;
				CLANG_WARN__DUPLICATE_METHOD_MATCH = YES;
				"CODE_SIGN_IDENTITY[sdk=iphoneos*]" = "iPhone Developer";
				COPY_PHASE_STRIP = NO;
				DEBUG_INFORMATION_FORMAT = dwarf;
				ENABLE_STRICT_OBJC_MSGSEND = YES;
				ENABLE_TESTABILITY = YES;
				GCC_C_LANGUAGE_STANDARD = gnu99;
				GCC_DYNAMIC_NO_PIC = NO;
				GCC_NO_COMMON_BLOCKS = YES;
				GCC_OPTIMIZATION_LEVEL = 0;
				GCC_PREPROCESSOR_DEFINITIONS = (
					"DEBUG=1",
					"$(inherited)",
				);
				GCC_WARN_64_TO_32_BIT_CONVERSION = YES;
				GCC_WARN_ABOUT_RETURN_TYPE = YES_ERROR;
				GCC_WARN_UNDECLARED_SELECTOR = YES;
				GCC_WARN_UNINITIALIZED_AUTOS = YES_AGGRESSIVE;
				GCC_WARN_UNUSED_FUNCTION = YES;
				GCC_WARN_UNUSED_VARIABLE = YES;
				IPHONEOS_DEPLOYMENT_TARGET = 9.3;
				MTL_ENABLE_DEBUG_INFO = YES;
				ONLY_ACTIVE_ARCH = YES;
				SDKROOT = iphoneos;
				TARGETED_DEVICE_FAMILY = "1,2";
			};
			name = Debug;
		};
		1A34650C1D4450C8004929DF /* Release */ = {
			isa = XCBuildConfiguration;
			buildSettings = {
				ALWAYS_SEARCH_USER_PATHS = NO;
				CLANG_ANALYZER_NONNULL = YES;
				CLANG_CXX_LANGUAGE_STANDARD = "gnu++0x";
				CLANG_CXX_LIBRARY = "libc++";
				CLANG_ENABLE_MODULES = YES;
				CLANG_ENABLE_OBJC_ARC = YES;
				CLANG_WARN_BOOL_CONVERSION = YES;
				CLANG_WARN_CONSTANT_CONVERSION = YES;
				CLANG_WARN_DIRECT_OBJC_ISA_USAGE = YES_ERROR;
				CLANG_WARN_EMPTY_BODY = YES;
				CLANG_WARN_ENUM_CONVERSION = YES;
				CLANG_WARN_INT_CONVERSION = YES;
				CLANG_WARN_OBJC_ROOT_CLASS = YES_ERROR;
				CLANG_WARN_UNREACHABLE_CODE = YES;
				CLANG_WARN__DUPLICATE_METHOD_MATCH = YES;
				"CODE_SIGN_IDENTITY[sdk=iphoneos*]" = "iPhone Developer";
				COPY_PHASE_STRIP = NO;
				DEBUG_INFORMATION_FORMAT = "dwarf-with-dsym";
				ENABLE_NS_ASSERTIONS = NO;
				ENABLE_STRICT_OBJC_MSGSEND = YES;
				GCC_C_LANGUAGE_STANDARD = gnu99;
				GCC_NO_COMMON_BLOCKS = YES;
				GCC_WARN_64_TO_32_BIT_CONVERSION = YES;
				GCC_WARN_ABOUT_RETURN_TYPE = YES_ERROR;
				GCC_WARN_UNDECLARED_SELECTOR = YES;
				GCC_WARN_UNINITIALIZED_AUTOS = YES_AGGRESSIVE;
				GCC_WARN_UNUSED_FUNCTION = YES;
				GCC_WARN_UNUSED_VARIABLE = YES;
				IPHONEOS_DEPLOYMENT_TARGET = 9.3;
				MTL_ENABLE_DEBUG_INFO = NO;
				SDKROOT = iphoneos;
				TARGETED_DEVICE_FAMILY = "1,2";
				VALIDATE_PRODUCT = YES;
			};
			name = Release;
		};
		1A34650E1D4450C8004929DF /* Debug */ = {
			isa = XCBuildConfiguration;
			buildSettings = {
				ASSETCATALOG_COMPILER_APPICON_NAME = AppIcon;
				CODE_SIGN_IDENTITY = "iPhone Developer";
				"CODE_SIGN_IDENTITY[sdk=iphoneos*]" = "iPhone Developer";
				INFOPLIST_FILE = pokemon/Info.plist;
				LD_RUNPATH_SEARCH_PATHS = "$(inherited) @executable_path/Frameworks";
				PRODUCT_BUNDLE_IDENTIFIER = "-5678.pokemon";
				PRODUCT_NAME = "$(TARGET_NAME)";
				PROVISIONING_PROFILE = "";
			};
			name = Debug;
		};
		1A34650F1D4450C8004929DF /* Release */ = {
			isa = XCBuildConfiguration;
			buildSettings = {
				ASSETCATALOG_COMPILER_APPICON_NAME = AppIcon;
				CODE_SIGN_IDENTITY = "iPhone Developer";
				"CODE_SIGN_IDENTITY[sdk=iphoneos*]" = "iPhone Developer";
				INFOPLIST_FILE = pokemon/Info.plist;
				LD_RUNPATH_SEARCH_PATHS = "$(inherited) @executable_path/Frameworks";
				PRODUCT_BUNDLE_IDENTIFIER = "-5678.pokemon";
				PRODUCT_NAME = "$(TARGET_NAME)";
				PROVISIONING_PROFILE = "";
			};
			name = Release;
		};
		1A3465111D4450C8004929DF /* Debug */ = {
			isa = XCBuildConfiguration;
			buildSettings = {
				BUNDLE_LOADER = "$(TEST_HOST)";
				INFOPLIST_FILE = pokemonTests/Info.plist;
				LD_RUNPATH_SEARCH_PATHS = "$(inherited) @executable_path/Frameworks @loader_path/Frameworks";
				PRODUCT_BUNDLE_IDENTIFIER = "-234.pokemonTests";
				PRODUCT_NAME = "$(TARGET_NAME)";
				TEST_HOST = "$(BUILT_PRODUCTS_DIR)/pokemon.app/pokemon";
			};
			name = Debug;
		};
		1A3465121D4450C8004929DF /* Release */ = {
			isa = XCBuildConfiguration;
			buildSettings = {
				BUNDLE_LOADER = "$(TEST_HOST)";
				INFOPLIST_FILE = pokemonTests/Info.plist;
				LD_RUNPATH_SEARCH_PATHS = "$(inherited) @executable_path/Frameworks @loader_path/Frameworks";
				PRODUCT_BUNDLE_IDENTIFIER = "-234.pokemonTests";
				PRODUCT_NAME = "$(TARGET_NAME)";
				TEST_HOST = "$(BUILT_PRODUCTS_DIR)/pokemon.app/pokemon";
			};
			name = Release;
		};
		1A3465141D4450C8004929DF /* Debug */ = {
			isa = XCBuildConfiguration;
			buildSettings = {
				INFOPLIST_FILE = pokemonUITests/Info.plist;
				LD_RUNPATH_SEARCH_PATHS = "$(inherited) @executable_path/Frameworks @loader_path/Frameworks";
				PRODUCT_BUNDLE_IDENTIFIER = "-234.pokemonUITests";
				PRODUCT_NAME = "$(TARGET_NAME)";
				TEST_TARGET_NAME = pokemon;
			};
			name = Debug;
		};
		1A3465151D4450C8004929DF /* Release */ = {
			isa = XCBuildConfiguration;
			buildSettings = {
				INFOPLIST_FILE = pokemonUITests/Info.plist;
				LD_RUNPATH_SEARCH_PATHS = "$(inherited) @executable_path/Frameworks @loader_path/Frameworks";
				PRODUCT_BUNDLE_IDENTIFIER = "-234.pokemonUITests";
				PRODUCT_NAME = "$(TARGET_NAME)";
				TEST_TARGET_NAME = pokemon;
			};
			name = Release;
		};
/* End XCBuildConfiguration section */

/* Begin XCConfigurationList section */
		1A3464DB1D4450C8004929DF /* Build configuration list for PBXProject "pokemon" */ = {
			isa = XCConfigurationList;
			buildConfigurations = (
				1A34650B1D4450C8004929DF /* Debug */,
				1A34650C1D4450C8004929DF /* Release */,
			);
			defaultConfigurationIsVisible = 0;
			defaultConfigurationName = Release;
		};
		1A34650D1D4450C8004929DF /* Build configuration list for PBXNativeTarget "pokemon" */ = {
			isa = XCConfigurationList;
			buildConfigurations = (
				1A34650E1D4450C8004929DF /* Debug */,
				1A34650F1D4450C8004929DF /* Release */,
			);
			defaultConfigurationIsVisible = 0;
			defaultConfigurationName = Release;
		};
		1A3465101D4450C8004929DF /* Build configuration list for PBXNativeTarget "pokemonTests" */ = {
			isa = XCConfigurationList;
			buildConfigurations = (
				1A3465111D4450C8004929DF /* Debug */,
				1A3465121D4450C8004929DF /* Release */,
			);
			defaultConfigurationIsVisible = 0;
			defaultConfigurationName = Release;
		};
		1A3465131D4450C8004929DF /* Build configuration list for PBXNativeTarget "pokemonUITests" */ = {
			isa = XCConfigurationList;
			buildConfigurations = (
				1A3465141D4450C8004929DF /* Debug */,
				1A3465151D4450C8004929DF /* Release */,
			);
			defaultConfigurationIsVisible = 0;
			defaultConfigurationName = Release;
		};
/* End XCConfigurationList section */
	};
	rootObject = 1A3464D81D4450C8004929DF /* Project object */;
}
